{
  "version": 4,
  "terraform_version": "0.12.20",
  "serial": 14,
  "lineage": "657a2b81-240c-58ee-29dc-4ea589aae019",
  "outputs": {
    "public_ip": {
      "value": "47.241.13.149",
      "type": "string"
    },
    "user_login": {
      "value": "root",
      "type": "string"
    }
  },
  "resources": [
    {
      "mode": "data",
      "type": "alicloud_instance_types",
      "name": "cores2mem4g",
      "provider": "provider.alicloud",
      "instances": [
        {
          "schema_version": 0,
          "attributes": {
            "availability_zone": "ap-southeast-1a",
            "cpu_core_count": 2,
            "eni_amount": null,
            "gpu_amount": null,
            "gpu_spec": null,
            "id": "2966947217",
            "ids": [
              "ecs.n1.medium",
              "ecs.n4.large",
              "ecs.t5-c1m2.large",
              "ecs.t5-lc1m2.large"
            ],
            "instance_charge_type": "PostPaid",
            "instance_type_family": null,
            "instance_types": [
              {
                "availability_zones": [
                  "ap-southeast-1a"
                ],
                "burstable_instance": {
                  "baseline_credit": "0",
                  "initial_credit": "0"
                },
                "cpu_core_count": 2,
                "eni_amount": 2,
                "family": "ecs.n1",
                "gpu": {
                  "amount": "0",
                  "category": ""
                },
                "id": "ecs.n1.medium",
                "local_storage": {
                  "amount": "0",
                  "capacity": "0",
                  "category": ""
                },
                "memory_size": 4,
                "price": ""
              },
              {
                "availability_zones": [
                  "ap-southeast-1a"
                ],
                "burstable_instance": {
                  "baseline_credit": "0",
                  "initial_credit": "0"
                },
                "cpu_core_count": 2,
                "eni_amount": 1,
                "family": "ecs.n4",
                "gpu": {
                  "amount": "0",
                  "category": ""
                },
                "id": "ecs.n4.large",
                "local_storage": {
                  "amount": "0",
                  "capacity": "0",
                  "category": ""
                },
                "memory_size": 4,
                "price": ""
              },
              {
                "availability_zones": [
                  "ap-southeast-1a"
                ],
                "burstable_instance": {
                  "baseline_credit": "50",
                  "initial_credit": "60"
                },
                "cpu_core_count": 2,
                "eni_amount": 1,
                "family": "ecs.t5",
                "gpu": {
                  "amount": "0",
                  "category": ""
                },
                "id": "ecs.t5-c1m2.large",
                "local_storage": {
                  "amount": "0",
                  "capacity": "0",
                  "category": ""
                },
                "memory_size": 4,
                "price": ""
              },
              {
                "availability_zones": [
                  "ap-southeast-1a"
                ],
                "burstable_instance": {
                  "baseline_credit": "40",
                  "initial_credit": "60"
                },
                "cpu_core_count": 2,
                "eni_amount": 1,
                "family": "ecs.t5",
                "gpu": {
                  "amount": "0",
                  "category": ""
                },
                "id": "ecs.t5-lc1m2.large",
                "local_storage": {
                  "amount": "0",
                  "capacity": "0",
                  "category": ""
                },
                "memory_size": 4,
                "price": ""
              }
            ],
            "is_outdated": null,
            "kubernetes_node_role": null,
            "memory_size": 4,
            "network_type": null,
            "output_file": null,
            "sorted_by": null,
            "spot_strategy": "NoSpot"
          }
        }
      ]
    },
    {
      "mode": "data",
      "type": "alicloud_zones",
      "name": "abc_zones",
      "provider": "provider.alicloud",
      "instances": [
        {
          "schema_version": 0,
          "attributes": {
            "available_disk_category": null,
            "available_instance_type": null,
            "available_resource_creation": null,
            "available_slb_address_ip_version": null,
            "available_slb_address_type": null,
            "enable_details": false,
            "id": "1135358518",
            "ids": [
              "ap-southeast-1a",
              "ap-southeast-1b",
              "ap-southeast-1c"
            ],
            "instance_charge_type": "PostPaid",
            "multi": false,
            "network_type": null,
            "output_file": null,
            "spot_strategy": "NoSpot",
            "zones": [
              {
                "available_disk_categories": [],
                "available_instance_types": [],
                "available_resource_creation": [],
                "id": "ap-southeast-1a",
                "local_name": "",
                "multi_zone_ids": [],
                "slb_slave_zone_ids": []
              },
              {
                "available_disk_categories": [],
                "available_instance_types": [],
                "available_resource_creation": [],
                "id": "ap-southeast-1b",
                "local_name": "",
                "multi_zone_ids": [],
                "slb_slave_zone_ids": []
              },
              {
                "available_disk_categories": [],
                "available_instance_types": [],
                "available_resource_creation": [],
                "id": "ap-southeast-1c",
                "local_name": "",
                "multi_zone_ids": [],
                "slb_slave_zone_ids": []
              }
            ]
          }
        }
      ]
    },
    {
      "mode": "managed",
      "type": "alicloud_instance",
      "name": "ecs-example-instance",
      "provider": "provider.alicloud",
      "instances": [
        {
          "schema_version": 0,
          "attributes": {
            "allocate_public_ip": null,
            "auto_release_time": "",
            "auto_renew_period": null,
            "availability_zone": "ap-southeast-1a",
            "credit_specification": "",
            "data_disks": [],
            "deletion_protection": false,
            "description": "",
            "dry_run": false,
            "force_delete": null,
            "host_name": "iZt4n1txjbrek535dl96ifZ",
            "id": "i-t4n1txjbrek535dl96if",
            "image_id": "ubuntu_18_04_64_20G_alibase_20190624.vhd",
            "include_data_disks": null,
            "instance_charge_type": "PostPaid",
            "instance_name": "ecs-example-instance",
            "instance_type": "ecs.n1.medium",
            "internet_charge_type": "PayByTraffic",
            "internet_max_bandwidth_in": -1,
            "internet_max_bandwidth_out": 10,
            "io_optimized": null,
            "is_outdated": null,
            "key_name": "ecs-example-ssh-key",
            "kms_encrypted_password": null,
            "kms_encryption_context": null,
            "password": "",
            "period": null,
            "period_unit": null,
            "private_ip": "192.168.0.159",
            "public_ip": "47.241.13.149",
            "renewal_status": null,
            "resource_group_id": "",
            "role_name": "",
            "security_enhancement_strategy": null,
            "security_groups": [
              "sg-t4nczqhiuw0zv1zp985o"
            ],
            "spot_price_limit": 0,
            "spot_strategy": "NoSpot",
            "status": "Running",
            "subnet_id": "vsw-t4njkpw9qmev9no1crzzy",
            "system_disk_category": "cloud_efficiency",
            "system_disk_size": 40,
            "tags": null,
            "timeouts": null,
            "user_data": "#!/bin/bash\r\napt-get update\r\napt-get install -y apache2",
            "volume_tags": {},
            "vswitch_id": "vsw-t4njkpw9qmev9no1crzzy"
          },
          "private": "eyJlMmJmYjczMC1lY2FhLTExZTYtOGY4OC0zNDM2M2JjN2M0YzAiOnsiY3JlYXRlIjo2MDAwMDAwMDAwMDAsImRlbGV0ZSI6MTIwMDAwMDAwMDAwMCwidXBkYXRlIjo2MDAwMDAwMDAwMDB9fQ==",
          "dependencies": [
            "alicloud_security_group.ecs-example-sg",
            "alicloud_vswitch.ecs-example-vswitch"
          ]
        }
      ]
    },
    {
      "mode": "managed",
      "type": "alicloud_security_group",
      "name": "ecs-example-sg",
      "provider": "provider.alicloud",
      "instances": [
        {
          "schema_version": 0,
          "attributes": {
            "description": "Webserver security group",
            "id": "sg-t4nczqhiuw0zv1zp985o",
            "inner_access": true,
            "inner_access_policy": "Accept",
            "name": "ecs-example-sg",
            "resource_group_id": "",
            "security_group_type": "normal",
            "tags": {},
            "vpc_id": "vpc-t4nf1ysgt28iprhmcg6zf"
          },
          "private": "bnVsbA==",
          "dependencies": [
            "alicloud_vpc.ecs-example-vpc"
          ]
        }
      ]
    },
    {
      "mode": "managed",
      "type": "alicloud_security_group_rule",
      "name": "http-in",
      "provider": "provider.alicloud",
      "instances": [
        {
          "schema_version": 0,
          "attributes": {
            "cidr_ip": "0.0.0.0/0",
            "description": "",
            "id": "sg-t4nczqhiuw0zv1zp985o:ingress:tcp:80/80::0.0.0.0/0:accept:1",
            "ip_protocol": "tcp",
            "nic_type": "intranet",
            "policy": "accept",
            "port_range": "80/80",
            "priority": 1,
            "security_group_id": "sg-t4nczqhiuw0zv1zp985o",
            "source_group_owner_account": "",
            "source_security_group_id": "",
            "type": "ingress"
          },
          "private": "bnVsbA==",
          "dependencies": [
            "alicloud_security_group.ecs-example-sg",
            "alicloud_vpc.ecs-example-vpc"
          ]
        }
      ]
    },
    {
      "mode": "managed",
      "type": "alicloud_security_group_rule",
      "name": "icmp-in",
      "provider": "provider.alicloud",
      "instances": [
        {
          "schema_version": 0,
          "attributes": {
            "cidr_ip": "0.0.0.0/0",
            "description": "",
            "id": "sg-t4nczqhiuw0zv1zp985o:ingress:icmp:-1/-1::0.0.0.0/0:accept:1",
            "ip_protocol": "icmp",
            "nic_type": "intranet",
            "policy": "accept",
            "port_range": "-1/-1",
            "priority": 1,
            "security_group_id": "sg-t4nczqhiuw0zv1zp985o",
            "source_group_owner_account": "",
            "source_security_group_id": "",
            "type": "ingress"
          },
          "private": "bnVsbA==",
          "dependencies": [
            "alicloud_security_group.ecs-example-sg",
            "alicloud_vpc.ecs-example-vpc"
          ]
        }
      ]
    },
    {
      "mode": "managed",
      "type": "alicloud_security_group_rule",
      "name": "ssh-in",
      "provider": "provider.alicloud",
      "instances": [
        {
          "schema_version": 0,
          "attributes": {
            "cidr_ip": "0.0.0.0/0",
            "description": "",
            "id": "sg-t4nczqhiuw0zv1zp985o:ingress:tcp:22/22::0.0.0.0/0:accept:1",
            "ip_protocol": "tcp",
            "nic_type": "intranet",
            "policy": "accept",
            "port_range": "22/22",
            "priority": 1,
            "security_group_id": "sg-t4nczqhiuw0zv1zp985o",
            "source_group_owner_account": "",
            "source_security_group_id": "",
            "type": "ingress"
          },
          "private": "bnVsbA==",
          "dependencies": [
            "alicloud_security_group.ecs-example-sg",
            "alicloud_vpc.ecs-example-vpc"
          ]
        }
      ]
    },
    {
      "mode": "managed",
      "type": "alicloud_vpc",
      "name": "ecs-example-vpc",
      "provider": "provider.alicloud",
      "instances": [
        {
          "schema_version": 0,
          "attributes": {
            "cidr_block": "192.168.0.0/16",
            "description": "",
            "id": "vpc-t4nf1ysgt28iprhmcg6zf",
            "name": "ecs-example-vpc",
            "resource_group_id": "rg-acfnvabtpqcojqy",
            "route_table_id": "vtb-t4npwt1ll1lllwj1ba5wd",
            "router_id": "vrt-t4n6ja1km3q9lqo3cq064",
            "router_table_id": "vtb-t4npwt1ll1lllwj1ba5wd",
            "tags": {}
          },
          "private": "bnVsbA=="
        }
      ]
    },
    {
      "mode": "managed",
      "type": "alicloud_vswitch",
      "name": "ecs-example-vswitch",
      "provider": "provider.alicloud",
      "instances": [
        {
          "schema_version": 0,
          "attributes": {
            "availability_zone": "ap-southeast-1a",
            "cidr_block": "192.168.0.0/24",
            "description": "",
            "id": "vsw-t4njkpw9qmev9no1crzzy",
            "name": "ecs-example-vswitch",
            "tags": {},
            "vpc_id": "vpc-t4nf1ysgt28iprhmcg6zf"
          },
          "private": "bnVsbA==",
          "dependencies": [
            "alicloud_vpc.ecs-example-vpc"
          ]
        }
      ]
    }
  ]
}
